
Microsoft Visual Studio Solution File, Format Version 12.00
# Visual Studio Version 17
VisualStudioVersion = 17.4.33110.190
MinimumVisualStudioVersion = 10.0.40219.1
Project("{9A19103F-16F7-4668-BE54-9A1E7A4F7556}") = "Teams.Server", "Server\Teams.Server.csproj", "{D9A4BB65-256E-4B87-BFB3-05CB784002BF}"
EndProject
Project("{9A19103F-16F7-4668-BE54-9A1E7A4F7556}") = "Teams.Client", "Client\Teams.Client.csproj", "{7919D46C-0E13-49F9-ADB9-1CF232BBE05A}"
EndProject
Project("{9A19103F-16F7-4668-BE54-9A1E7A4F7556}") = "Teams.Core", "Core\Teams.Core.csproj", "{63567DDD-9A67-40AD-B591-F86F3A70D0C0}"
EndProject
Project("{9A19103F-16F7-4668-BE54-9A1E7A4F7556}") = "Teams.Infrastructure", "Infrastructure\Teams.Infrastructure.csproj", "{A957E2DA-997F-401C-BE10-12A749B6E8E9}"
EndProject
Global
	GlobalSection(SolutionConfigurationPlatforms) = preSolution
		Debug|Any CPU = Debug|Any CPU
		Release|Any CPU = Release|Any CPU
	EndGlobalSection
	GlobalSection(ProjectConfigurationPlatforms) = postSolution
		{D9A4BB65-256E-4B87-BFB3-05CB784002BF}.Debug|Any CPU.ActiveCfg = Debug|Any CPU
		{D9A4BB65-256E-4B87-BFB3-05CB784002BF}.Debug|Any CPU.Build.0 = Debug|Any CPU
		{D9A4BB65-256E-4B87-BFB3-05CB784002BF}.Release|Any CPU.ActiveCfg = Release|Any CPU
		{D9A4BB65-256E-4B87-BFB3-05CB784002BF}.Release|Any CPU.Build.0 = Release|Any CPU
		{7919D46C-0E13-49F9-ADB9-1CF232BBE05A}.Debug|Any CPU.ActiveCfg = Debug|Any CPU
		{7919D46C-0E13-49F9-ADB9-1CF232BBE05A}.Debug|Any CPU.Build.0 = Debug|Any CPU
		{7919D46C-0E13-49F9-ADB9-1CF232BBE05A}.Release|Any CPU.ActiveCfg = Release|Any CPU
		{7919D46C-0E13-49F9-ADB9-1CF232BBE05A}.Release|Any CPU.Build.0 = Release|Any CPU
		{63567DDD-9A67-40AD-B591-F86F3A70D0C0}.Debug|Any CPU.ActiveCfg = Debug|Any CPU
		{63567DDD-9A67-40AD-B591-F86F3A70D0C0}.Debug|Any CPU.Build.0 = Debug|Any CPU
		{63567DDD-9A67-40AD-B591-F86F3A70D0C0}.Release|Any CPU.ActiveCfg = Release|Any CPU
		{63567DDD-9A67-40AD-B591-F86F3A70D0C0}.Release|Any CPU.Build.0 = Release|Any CPU
		{A957E2DA-997F-401C-BE10-12A749B6E8E9}.Debug|Any CPU.ActiveCfg = Debug|Any CPU
		{A957E2DA-997F-401C-BE10-12A749B6E8E9}.Debug|Any CPU.Build.0 = Debug|Any CPU
		{A957E2DA-997F-401C-BE10-12A749B6E8E9}.Release|Any CPU.ActiveCfg = Release|Any CPU
		{A957E2DA-997F-401C-BE10-12A749B6E8E9}.Release|Any CPU.Build.0 = Release|Any CPU
	EndGlobalSection
	GlobalSection(SolutionProperties) = preSolution
		HideSolutionNode = FALSE
	EndGlobalSection
	GlobalSection(ExtensibilityGlobals) = postSolution
		SolutionGuid = {9B5765F7-D81C-418E-924A-9EC09B73ED61}
	EndGlobalSection
EndGlobal
